// !$*UTF8*$!
{
	archiveVersion = 1;
	classes = {
	};
	objectVersion = 50;
	objects = {

/* Begin PBXBuildFile section */
		3051839B286CA4DB00CF4777 /* Display.swift in Sources */ = {isa = PBXBuildFile; fileRef = 3051839A286CA4DB00CF4777 /* Display.swift */; };
		3051839E286CA66E00CF4777 /* DisplayManager.swift in Sources */ = {isa = PBXBuildFile; fileRef = 3051839D286CA66E00CF4777 /* DisplayManager.swift */; };
		305183A3286CA76B00CF4777 /* ExternalDisplay.swift in Sources */ = {isa = PBXBuildFile; fileRef = 305183A1286CA76B00CF4777 /* ExternalDisplay.swift */; };
		305183A4286CA76B00CF4777 /* InternalDisplay.swift in Sources */ = {isa = PBXBuildFile; fileRef = 305183A2286CA76B00CF4777 /* InternalDisplay.swift */; };
		305183A7286CB4B500CF4777 /* NSScreen+Extension.swift in Sources */ = {isa = PBXBuildFile; fileRef = 305183A6286CB4B500CF4777 /* NSScreen+Extension.swift */; };
		305183AA286CB4F900CF4777 /* CGDirectDisplayID+Extension.swift in Sources */ = {isa = PBXBuildFile; fileRef = 305183A9286CB4F900CF4777 /* CGDirectDisplayID+Extension.swift */; };
		305183AD286CB53300CF4777 /* Display+Extension.swift in Sources */ = {isa = PBXBuildFile; fileRef = 305183AC286CB53300CF4777 /* Display+Extension.swift */; };
		305183B1286CB6AA00CF4777 /* CoreDisplay.framework in Frameworks */ = {isa = PBXBuildFile; fileRef = 305183B0286CB6A900CF4777 /* CoreDisplay.framework */; };
		305183B2286CB6AA00CF4777 /* CoreDisplay.framework in Embed Frameworks */ = {isa = PBXBuildFile; fileRef = 305183B0286CB6A900CF4777 /* CoreDisplay.framework */; settings = {ATTRIBUTES = (CodeSignOnCopy, RemoveHeadersOnCopy, ); }; };
		305183B8286CBE4500CF4777 /* EnsureGlobalQueuesDrained.swift in Sources */ = {isa = PBXBuildFile; fileRef = 305183B7286CBE4500CF4777 /* EnsureGlobalQueuesDrained.swift */; };
		30B88189286CA48600415C11 /* main.swift in Sources */ = {isa = PBXBuildFile; fileRef = 30B88188286CA48600415C11 /* main.swift */; };
/* End PBXBuildFile section */

/* Begin PBXCopyFilesBuildPhase section */
		305183B3286CB6AA00CF4777 /* Embed Frameworks */ = {
			isa = PBXCopyFilesBuildPhase;
			buildActionMask = 2147483647;
			dstPath = "";
			dstSubfolderSpec = 10;
			files = (
				305183B2286CB6AA00CF4777 /* CoreDisplay.framework in Embed Frameworks */,
			);
			name = "Embed Frameworks";
			runOnlyForDeploymentPostprocessing = 0;
		};
		30B88183286CA48600415C11 /* CopyFiles */ = {
			isa = PBXCopyFilesBuildPhase;
			buildActionMask = 2147483647;
			dstPath = /usr/share/man/man1/;
			dstSubfolderSpec = 0;
			files = (
			);
			runOnlyForDeploymentPostprocessing = 1;
		};
/* End PBXCopyFilesBuildPhase section */

/* Begin PBXFileReference section */
		3051839A286CA4DB00CF4777 /* Display.swift */ = {isa = PBXFileReference; fileEncoding = 4; lastKnownFileType = sourcecode.swift; path = Display.swift; sourceTree = "<group>"; };
		3051839D286CA66E00CF4777 /* DisplayManager.swift */ = {isa = PBXFileReference; lastKnownFileType = sourcecode.swift; path = DisplayManager.swift; sourceTree = "<group>"; };
		305183A1286CA76B00CF4777 /* ExternalDisplay.swift */ = {isa = PBXFileReference; fileEncoding = 4; lastKnownFileType = sourcecode.swift; path = ExternalDisplay.swift; sourceTree = "<group>"; };
		305183A2286CA76B00CF4777 /* InternalDisplay.swift */ = {isa = PBXFileReference; fileEncoding = 4; lastKnownFileType = sourcecode.swift; path = InternalDisplay.swift; sourceTree = "<group>"; };
		305183A6286CB4B500CF4777 /* NSScreen+Extension.swift */ = {isa = PBXFileReference; fileEncoding = 4; lastKnownFileType = sourcecode.swift; path = "NSScreen+Extension.swift"; sourceTree = "<group>"; };
		305183A9286CB4F900CF4777 /* CGDirectDisplayID+Extension.swift */ = {isa = PBXFileReference; fileEncoding = 4; lastKnownFileType = sourcecode.swift; path = "CGDirectDisplayID+Extension.swift"; sourceTree = "<group>"; };
		305183AC286CB53300CF4777 /* Display+Extension.swift */ = {isa = PBXFileReference; fileEncoding = 4; lastKnownFileType = sourcecode.swift; path = "Display+Extension.swift"; sourceTree = "<group>"; };
		305183B0286CB6A900CF4777 /* CoreDisplay.framework */ = {isa = PBXFileReference; lastKnownFileType = wrapper.framework; name = CoreDisplay.framework; path = ../../../../System/Library/Frameworks/CoreDisplay.framework; sourceTree = "<group>"; };
		305183B4286CB6EC00CF4777 /* SoftwareGammaBrightness-Bridging-Header.h */ = {isa = PBXFileReference; lastKnownFileType = sourcecode.c.h; path = "SoftwareGammaBrightness-Bridging-Header.h"; sourceTree = "<group>"; };
		305183B7286CBE4500CF4777 /* EnsureGlobalQueuesDrained.swift */ = {isa = PBXFileReference; lastKnownFileType = sourcecode.swift; path = EnsureGlobalQueuesDrained.swift; sourceTree = "<group>"; };
		30B88185286CA48600415C11 /* SoftwareGammaBrightness */ = {isa = PBXFileReference; explicitFileType = "compiled.mach-o.executable"; includeInIndex = 0; path = SoftwareGammaBrightness; sourceTree = BUILT_PRODUCTS_DIR; };
		30B88188286CA48600415C11 /* main.swift */ = {isa = PBXFileReference; lastKnownFileType = sourcecode.swift; path = main.swift; sourceTree = "<group>"; };
/* End PBXFileReference section */

/* Begin PBXFrameworksBuildPhase section */
		30B88182286CA48600415C11 /* Frameworks */ = {
			isa = PBXFrameworksBuildPhase;
			buildActionMask = 2147483647;
			files = (
				305183B1286CB6AA00CF4777 /* CoreDisplay.framework in Frameworks */,
			);
			runOnlyForDeploymentPostprocessing = 0;
		};
/* End PBXFrameworksBuildPhase section */

/* Begin PBXGroup section */
		305183AF286CB6A900CF4777 /* Frameworks */ = {
			isa = PBXGroup;
			children = (
				305183B0286CB6A900CF4777 /* CoreDisplay.framework */,
			);
			name = Frameworks;
			sourceTree = "<group>";
		};
		30B8817C286CA48600415C11 = {
			isa = PBXGroup;
			children = (
				30B88187286CA48600415C11 /* SoftwareGammaBrightness */,
				30B88186286CA48600415C11 /* Products */,
				305183AF286CB6A900CF4777 /* Frameworks */,
			);
			sourceTree = "<group>";
		};
		30B88186286CA48600415C11 /* Products */ = {
			isa = PBXGroup;
			children = (
				30B88185286CA48600415C11 /* SoftwareGammaBrightness */,
			);
			name = Products;
			sourceTree = "<group>";
		};
		30B88187286CA48600415C11 /* SoftwareGammaBrightness */ = {
			isa = PBXGroup;
			children = (
				30B88188286CA48600415C11 /* main.swift */,
				3051839A286CA4DB00CF4777 /* Display.swift */,
				305183A1286CA76B00CF4777 /* ExternalDisplay.swift */,
				305183A2286CA76B00CF4777 /* InternalDisplay.swift */,
				3051839D286CA66E00CF4777 /* DisplayManager.swift */,
				305183A6286CB4B500CF4777 /* NSScreen+Extension.swift */,
				305183A9286CB4F900CF4777 /* CGDirectDisplayID+Extension.swift */,
				305183AC286CB53300CF4777 /* Display+Extension.swift */,
				305183B4286CB6EC00CF4777 /* SoftwareGammaBrightness-Bridging-Header.h */,
				305183B7286CBE4500CF4777 /* EnsureGlobalQueuesDrained.swift */,
			);
			path = SoftwareGammaBrightness;
			sourceTree = "<group>";
		};
/* End PBXGroup section */

/* Begin PBXNativeTarget section */
		30B88184286CA48600415C11 /* SoftwareGammaBrightness */ = {
			isa = PBXNativeTarget;
			buildConfigurationList = 30B8818C286CA48600415C11 /* Build configuration list for PBXNativeTarget "SoftwareGammaBrightness" */;
			buildPhases = (
				30B88181286CA48600415C11 /* Sources */,
				30B88182286CA48600415C11 /* Frameworks */,
				30B88183286CA48600415C11 /* CopyFiles */,
				305183B3286CB6AA00CF4777 /* Embed Frameworks */,
			);
			buildRules = (
			);
			dependencies = (
			);
			name = SoftwareGammaBrightness;
			productName = SoftwareGammaBrightness;
			productReference = 30B88185286CA48600415C11 /* SoftwareGammaBrightness */;
			productType = "com.apple.product-type.tool";
		};
/* End PBXNativeTarget section */

/* Begin PBXProject section */
		30B8817D286CA48600415C11 /* Project object */ = {
			isa = PBXProject;
			attributes = {
				LastSwiftUpdateCheck = 1240;
				LastUpgradeCheck = 1240;
				TargetAttributes = {
					30B88184286CA48600415C11 = {
						CreatedOnToolsVersion = 12.4;
						LastSwiftMigration = 1240;
					};
				};
			};
			buildConfigurationList = 30B88180286CA48600415C11 /* Build configuration list for PBXProject "SoftwareGammaBrightness" */;
			compatibilityVersion = "Xcode 9.3";
			developmentRegion = en;
			hasScannedForEncodings = 0;
			knownRegions = (
				en,
				Base,
			);
			mainGroup = 30B8817C286CA48600415C11;
			productRefGroup = 30B88186286CA48600415C11 /* Products */;
			projectDirPath = "";
			projectRoot = "";
			targets = (
				30B88184286CA48600415C11 /* SoftwareGammaBrightness */,
			);
		};
/* End PBXProject section */

/* Begin PBXSourcesBuildPhase section */
		30B88181286CA48600415C11 /* Sources */ = {
			isa = PBXSourcesBuildPhase;
			buildActionMask = 2147483647;
			files = (
				305183AD286CB53300CF4777 /* Display+Extension.swift in Sources */,
				305183A7286CB4B500CF4777 /* NSScreen+Extension.swift in Sources */,
				305183B8286CBE4500CF4777 /* EnsureGlobalQueuesDrained.swift in Sources */,
				3051839B286CA4DB00CF4777 /* Display.swift in Sources */,
				305183A4286CA76B00CF4777 /* InternalDisplay.swift in Sources */,
				305183A3286CA76B00CF4777 /* ExternalDisplay.swift in Sources */,
				305183AA286CB4F900CF4777 /* CGDirectDisplayID+Extension.swift in Sources */,
				30B88189286CA48600415C11 /* main.swift in Sources */,
				3051839E286CA66E00CF4777 /* DisplayManager.swift in Sources */,
			);
			runOnlyForDeploymentPostprocessing = 0;
		};
/* End PBXSourcesBuildPhase section */

/* Begin XCBuildConfiguration section */
		30B8818A286CA48600415C11 /* Debug */ = {
			isa = XCBuildConfiguration;
			buildSettings = {
				ALWAYS_SEARCH_USER_PATHS = NO;
				CLANG_ANALYZER_NONNULL = YES;
				CLANG_ANALYZER_NUMBER_OBJECT_CONVERSION = YES_AGGRESSIVE;
				CLANG_CXX_LANGUAGE_STANDARD = "gnu++14";
				CLANG_CXX_LIBRARY = "libc++";
				CLANG_ENABLE_MODULES = YES;
				CLANG_ENABLE_OBJC_ARC = YES;
				CLANG_ENABLE_OBJC_WEAK = YES;
				CLANG_WARN_BLOCK_CAPTURE_AUTORELEASING = YES;
				CLANG_WARN_BOOL_CONVERSION = YES;
				CLANG_WARN_COMMA = YES;
				CLANG_WARN_CONSTANT_CONVERSION = YES;
				CLANG_WARN_DEPRECATED_OBJC_IMPLEMENTATIONS = YES;
				CLANG_WARN_DIRECT_OBJC_ISA_USAGE = YES_ERROR;
				CLANG_WARN_DOCUMENTATION_COMMENTS = YES;
				CLANG_WARN_EMPTY_BODY = YES;
				CLANG_WARN_ENUM_CONVERSION = YES;
				CLANG_WARN_INFINITE_RECURSION = YES;
				CLANG_WARN_INT_CONVERSION = YES;
				CLANG_WARN_NON_LITERAL_NULL_CONVERSION = YES;
				CLANG_WARN_OBJC_IMPLICIT_RETAIN_SELF = YES;
				CLANG_WARN_OBJC_LITERAL_CONVERSION = YES;
				CLANG_WARN_OBJC_ROOT_CLASS = YES_ERROR;
				CLANG_WARN_QUOTED_INCLUDE_IN_FRAMEWORK_HEADER = YES;
				CLANG_WARN_RANGE_LOOP_ANALYSIS = YES;
				CLANG_WARN_STRICT_PROTOTYPES = YES;
				CLANG_WARN_SUSPICIOUS_MOVE = YES;
				CLANG_WARN_UNGUARDED_AVAILABILITY = YES_AGGRESSIVE;
				CLANG_WARN_UNREACHABLE_CODE = YES;
				CLANG_WARN__DUPLICATE_METHOD_MATCH = YES;
				COPY_PHASE_STRIP = NO;
				DEBUG_INFORMATION_FORMAT = dwarf;
				ENABLE_STRICT_OBJC_MSGSEND = YES;
				ENABLE_TESTABILITY = YES;
				GCC_C_LANGUAGE_STANDARD = gnu11;
				GCC_DYNAMIC_NO_PIC = NO;
				GCC_NO_COMMON_BLOCKS = YES;
				GCC_OPTIMIZATION_LEVEL = 0;
				GCC_PREPROCESSOR_DEFINITIONS = (
					"DEBUG=1",
					"$(inherited)",
				);
				GCC_WARN_64_TO_32_BIT_CONVERSION = YES;
				GCC_WARN_ABOUT_RETURN_TYPE = YES_ERROR;
				GCC_WARN_UNDECLARED_SELECTOR = YES;
				GCC_WARN_UNINITIALIZED_AUTOS = YES_AGGRESSIVE;
				GCC_WARN_UNUSED_FUNCTION = YES;
				GCC_WARN_UNUSED_VARIABLE = YES;
				MACOSX_DEPLOYMENT_TARGET = 10.15;
				MTL_ENABLE_DEBUG_INFO = INCLUDE_SOURCE;
				MTL_FAST_MATH = YES;
				ONLY_ACTIVE_ARCH = YES;
				SDKROOT = macosx;
				SWIFT_ACTIVE_COMPILATION_CONDITIONS = DEBUG;
				SWIFT_OPTIMIZATION_LEVEL = "-Onone";
			};
			name = Debug;
		};
		30B8818B286CA48600415C11 /* Release */ = {
			isa = XCBuildConfiguration;
			buildSettings = {
				ALWAYS_SEARCH_USER_PATHS = NO;
				CLANG_ANALYZER_NONNULL = YES;
				CLANG_ANALYZER_NUMBER_OBJECT_CONVERSION = YES_AGGRESSIVE;
				CLANG_CXX_LANGUAGE_STANDARD = "gnu++14";
				CLANG_CXX_LIBRARY = "libc++";
				CLANG_ENABLE_MODULES = YES;
				CLANG_ENABLE_OBJC_ARC = YES;
				CLANG_ENABLE_OBJC_WEAK = YES;
				CLANG_WARN_BLOCK_CAPTURE_AUTORELEASING = YES;
				CLANG_WARN_BOOL_CONVERSION = YES;
				CLANG_WARN_COMMA = YES;
				CLANG_WARN_CONSTANT_CONVERSION = YES;
				CLANG_WARN_DEPRECATED_OBJC_IMPLEMENTATIONS = YES;
				CLANG_WARN_DIRECT_OBJC_ISA_USAGE = YES_ERROR;
				CLANG_WARN_DOCUMENTATION_COMMENTS = YES;
				CLANG_WARN_EMPTY_BODY = YES;
				CLANG_WARN_ENUM_CONVERSION = YES;
				CLANG_WARN_INFINITE_RECURSION = YES;
				CLANG_WARN_INT_CONVERSION = YES;
				CLANG_WARN_NON_LITERAL_NULL_CONVERSION = YES;
				CLANG_WARN_OBJC_IMPLICIT_RETAIN_SELF = YES;
				CLANG_WARN_OBJC_LITERAL_CONVERSION = YES;
				CLANG_WARN_OBJC_ROOT_CLASS = YES_ERROR;
				CLANG_WARN_QUOTED_INCLUDE_IN_FRAMEWORK_HEADER = YES;
				CLANG_WARN_RANGE_LOOP_ANALYSIS = YES;
				CLANG_WARN_STRICT_PROTOTYPES = YES;
				CLANG_WARN_SUSPICIOUS_MOVE = YES;
				CLANG_WARN_UNGUARDED_AVAILABILITY = YES_AGGRESSIVE;
				CLANG_WARN_UNREACHABLE_CODE = YES;
				CLANG_WARN__DUPLICATE_METHOD_MATCH = YES;
				COPY_PHASE_STRIP = NO;
				DEBUG_INFORMATION_FORMAT = "dwarf-with-dsym";
				ENABLE_NS_ASSERTIONS = NO;
				ENABLE_STRICT_OBJC_MSGSEND = YES;
				GCC_C_LANGUAGE_STANDARD = gnu11;
				GCC_NO_COMMON_BLOCKS = YES;
				GCC_WARN_64_TO_32_BIT_CONVERSION = YES;
				GCC_WARN_ABOUT_RETURN_TYPE = YES_ERROR;
				GCC_WARN_UNDECLARED_SELECTOR = YES;
				GCC_WARN_UNINITIALIZED_AUTOS = YES_AGGRESSIVE;
				GCC_WARN_UNUSED_FUNCTION = YES;
				GCC_WARN_UNUSED_VARIABLE = YES;
				MACOSX_DEPLOYMENT_TARGET = 10.15;
				MTL_ENABLE_DEBUG_INFO = NO;
				MTL_FAST_MATH = YES;
				SDKROOT = macosx;
				SWIFT_COMPILATION_MODE = wholemodule;
				SWIFT_OPTIMIZATION_LEVEL = "-O";
			};
			name = Release;
		};
		30B8818D286CA48600415C11 /* Debug */ = {
			isa = XCBuildConfiguration;
			buildSettings = {
				CLANG_ENABLE_MODULES = YES;
				CODE_SIGN_STYLE = Automatic;
				DEVELOPMENT_TEAM = 86HDH9K924;
				ENABLE_HARDENED_RUNTIME = YES;
				LD_RUNPATH_SEARCH_PATHS = (
					"$(inherited)",
					"@executable_path/../Frameworks",
					"@loader_path/../Frameworks",
				);
				PRODUCT_NAME = "$(TARGET_NAME)";
				SWIFT_OBJC_BRIDGING_HEADER = "SoftwareGammaBrightness/SoftwareGammaBrightness-Bridging-Header.h";
				SWIFT_OPTIMIZATION_LEVEL = "-Onone";
				SWIFT_VERSION = 5.0;
			};
			name = Debug;
		};
		30B8818E286CA48600415C11 /* Release */ = {
			isa = XCBuildConfiguration;
			buildSettings = {
				CLANG_ENABLE_MODULES = YES;
				CODE_SIGN_STYLE = Automatic;
				DEVELOPMENT_TEAM = 86HDH9K924;
				ENABLE_HARDENED_RUNTIME = YES;
				LD_RUNPATH_SEARCH_PATHS = (
					"$(inherited)",
					"@executable_path/../Frameworks",
					"@loader_path/../Frameworks",
				);
				PRODUCT_NAME = "$(TARGET_NAME)";
				SWIFT_OBJC_BRIDGING_HEADER = "SoftwareGammaBrightness/SoftwareGammaBrightness-Bridging-Header.h";
				SWIFT_VERSION = 5.0;
			};
			name = Release;
		};
/* End XCBuildConfiguration section */

/* Begin XCConfigurationList section */
		30B88180286CA48600415C11 /* Build configuration list for PBXProject "SoftwareGammaBrightness" */ = {
			isa = XCConfigurationList;
			buildConfigurations = (
				30B8818A286CA48600415C11 /* Debug */,
				30B8818B286CA48600415C11 /* Release */,
			);
			defaultConfigurationIsVisible = 0;
			defaultConfigurationName = Release;
		};
		30B8818C286CA48600415C11 /* Build configuration list for PBXNativeTarget "SoftwareGammaBrightness" */ = {
			isa = XCConfigurationList;
			buildConfigurations = (
				30B8818D286CA48600415C11 /* Debug */,
				30B8818E286CA48600415C11 /* Release */,
			);
			defaultConfigurationIsVisible = 0;
			defaultConfigurationName = Release;
		};
/* End XCConfigurationList section */
	};
	rootObject = 30B8817D286CA48600415C11 /* Project object */;
}
